
Microsoft Visual Studio Solution File, Format Version 12.00
# Visual Studio Version 16
VisualStudioVersion = 16.0.30011.22
MinimumVisualStudioVersion = 10.0.40219.1
Project("{FAE04EC0-301F-11D3-BF4B-00C04F79EFBC}") = "MyFirstConsoleApp", "MyFirstConsoleApp\MyFirstConsoleApp.csproj", "{29C84985-AF4A-4BB4-BF8E-58F0CF88DD30}"
EndProject
Global
	GlobalSection(SolutionConfigurationPlatforms) = preSolution
		Debug|Any CPU = Debug|Any CPU
		Release|Any CPU = Release|Any CPU
	EndGlobalSection
	GlobalSection(ProjectConfigurationPlatforms) = postSolution
		{29C84985-AF4A-4BB4-BF8E-58F0CF88DD30}.Debug|Any CPU.ActiveCfg = Debug|Any CPU
		{29C84985-AF4A-4BB4-BF8E-58F0CF88DD30}.Debug|Any CPU.Build.0 = Debug|Any CPU
		{29C84985-AF4A-4BB4-BF8E-58F0CF88DD30}.Release|Any CPU.ActiveCfg = Release|Any CPU
		{29C84985-AF4A-4BB4-BF8E-58F0CF88DD30}.Release|Any CPU.Build.0 = Release|Any CPU
	EndGlobalSection
	GlobalSection(SolutionProperties) = preSolution
		HideSolutionNode = FALSE
	EndGlobalSection
	GlobalSection(ExtensibilityGlobals) = postSolution
		SolutionGuid = {8ACB79D8-C1F0-4A93-BA3F-F5D0B41A8738}
	EndGlobalSection
EndGlobal
